// !$*UTF8*$!
{
	archiveVersion = 1;
	classes = {
	};
	objectVersion = 50;
	objects = {

/* Begin PBXBuildFile section */
		C059EADE264BB23E0064F632 /* AppDelegate.swift in Sources */ = {isa = PBXBuildFile; fileRef = C059EADD264BB23E0064F632 /* AppDelegate.swift */; };
		C059EAE0264BB23E0064F632 /* SceneDelegate.swift in Sources */ = {isa = PBXBuildFile; fileRef = C059EADF264BB23E0064F632 /* SceneDelegate.swift */; };
		C059EAE2264BB23E0064F632 /* ViewController.swift in Sources */ = {isa = PBXBuildFile; fileRef = C059EAE1264BB23E0064F632 /* ViewController.swift */; };
		C059EAE5264BB23E0064F632 /* Main.storyboard in Resources */ = {isa = PBXBuildFile; fileRef = C059EAE3264BB23E0064F632 /* Main.storyboard */; };
		C059EAE7264BB2410064F632 /* Assets.xcassets in Resources */ = {isa = PBXBuildFile; fileRef = C059EAE6264BB2410064F632 /* Assets.xcassets */; };
		C059EAEA264BB2410064F632 /* LaunchScreen.storyboard in Resources */ = {isa = PBXBuildFile; fileRef = C059EAE8264BB2410064F632 /* LaunchScreen.storyboard */; };
		C059EAF3264BB2850064F632 /* ShapeFactory.swift in Sources */ = {isa = PBXBuildFile; fileRef = C059EAF2264BB2850064F632 /* ShapeFactory.swift */; };
/* End PBXBuildFile section */

/* Begin PBXFileReference section */
		C059EADA264BB23E0064F632 /* FactoryDesignPattern.app */ = {isa = PBXFileReference; explicitFileType = wrapper.application; includeInIndex = 0; path = FactoryDesignPattern.app; sourceTree = BUILT_PRODUCTS_DIR; };
		C059EADD264BB23E0064F632 /* AppDelegate.swift */ = {isa = PBXFileReference; lastKnownFileType = sourcecode.swift; path = AppDelegate.swift; sourceTree = "<group>"; };
		C059EADF264BB23E0064F632 /* SceneDelegate.swift */ = {isa = PBXFileReference; lastKnownFileType = sourcecode.swift; path = SceneDelegate.swift; sourceTree = "<group>"; };
		C059EAE1264BB23E0064F632 /* ViewController.swift */ = {isa = PBXFileReference; lastKnownFileType = sourcecode.swift; path = ViewController.swift; sourceTree = "<group>"; };
		C059EAE4264BB23E0064F632 /* Base */ = {isa = PBXFileReference; lastKnownFileType = file.storyboard; name = Base; path = Base.lproj/Main.storyboard; sourceTree = "<group>"; };
		C059EAE6264BB2410064F632 /* Assets.xcassets */ = {isa = PBXFileReference; lastKnownFileType = folder.assetcatalog; path = Assets.xcassets; sourceTree = "<group>"; };
		C059EAE9264BB2410064F632 /* Base */ = {isa = PBXFileReference; lastKnownFileType = file.storyboard; name = Base; path = Base.lproj/LaunchScreen.storyboard; sourceTree = "<group>"; };
		C059EAEB264BB2410064F632 /* Info.plist */ = {isa = PBXFileReference; lastKnownFileType = text.plist.xml; path = Info.plist; sourceTree = "<group>"; };
		C059EAF2264BB2850064F632 /* ShapeFactory.swift */ = {isa = PBXFileReference; lastKnownFileType = sourcecode.swift; path = ShapeFactory.swift; sourceTree = "<group>"; };
/* End PBXFileReference section */

/* Begin PBXFrameworksBuildPhase section */
		C059EAD7264BB23E0064F632 /* Frameworks */ = {
			isa = PBXFrameworksBuildPhase;
			buildActionMask = 2147483647;
			files = (
			);
			runOnlyForDeploymentPostprocessing = 0;
		};
/* End PBXFrameworksBuildPhase section */

/* Begin PBXGroup section */
		C059EAD1264BB23E0064F632 = {
			isa = PBXGroup;
			children = (
				C059EADC264BB23E0064F632 /* FactoryDesignPattern */,
				C059EADB264BB23E0064F632 /* Products */,
			);
			sourceTree = "<group>";
		};
		C059EADB264BB23E0064F632 /* Products */ = {
			isa = PBXGroup;
			children = (
				C059EADA264BB23E0064F632 /* FactoryDesignPattern.app */,
			);
			name = Products;
			sourceTree = "<group>";
		};
		C059EADC264BB23E0064F632 /* FactoryDesignPattern */ = {
			isa = PBXGroup;
			children = (
				C059EAF1264BB2740064F632 /* Factory */,
				C059EADD264BB23E0064F632 /* AppDelegate.swift */,
				C059EADF264BB23E0064F632 /* SceneDelegate.swift */,
				C059EAE1264BB23E0064F632 /* ViewController.swift */,
				C059EAE3264BB23E0064F632 /* Main.storyboard */,
				C059EAE6264BB2410064F632 /* Assets.xcassets */,
				C059EAE8264BB2410064F632 /* LaunchScreen.storyboard */,
				C059EAEB264BB2410064F632 /* Info.plist */,
			);
			path = FactoryDesignPattern;
			sourceTree = "<group>";
		};
		C059EAF1264BB2740064F632 /* Factory */ = {
			isa = PBXGroup;
			children = (
				C059EAF2264BB2850064F632 /* ShapeFactory.swift */,
			);
			path = Factory;
			sourceTree = "<group>";
		};
/* End PBXGroup section */

/* Begin PBXNativeTarget section */
		C059EAD9264BB23E0064F632 /* FactoryDesignPattern */ = {
			isa = PBXNativeTarget;
			buildConfigurationList = C059EAEE264BB2410064F632 /* Build configuration list for PBXNativeTarget "FactoryDesignPattern" */;
			buildPhases = (
				C059EAD6264BB23E0064F632 /* Sources */,
				C059EAD7264BB23E0064F632 /* Frameworks */,
				C059EAD8264BB23E0064F632 /* Resources */,
			);
			buildRules = (
			);
			dependencies = (
			);
			name = FactoryDesignPattern;
			productName = FactoryDesignPattern;
			productReference = C059EADA264BB23E0064F632 /* FactoryDesignPattern.app */;
			productType = "com.apple.product-type.application";
		};
/* End PBXNativeTarget section */

/* Begin PBXProject section */
		C059EAD2264BB23E0064F632 /* Project object */ = {
			isa = PBXProject;
			attributes = {
				LastSwiftUpdateCheck = 1250;
				LastUpgradeCheck = 1250;
				TargetAttributes = {
					C059EAD9264BB23E0064F632 = {
						CreatedOnToolsVersion = 12.5;
					};
				};
			};
			buildConfigurationList = C059EAD5264BB23E0064F632 /* Build configuration list for PBXProject "FactoryDesignPattern" */;
			compatibilityVersion = "Xcode 9.3";
			developmentRegion = en;
			hasScannedForEncodings = 0;
			knownRegions = (
				en,
				Base,
			);
			mainGroup = C059EAD1264BB23E0064F632;
			productRefGroup = C059EADB264BB23E0064F632 /* Products */;
			projectDirPath = "";
			projectRoot = "";
			targets = (
				C059EAD9264BB23E0064F632 /* FactoryDesignPattern */,
			);
		};
/* End PBXProject section */

/* Begin PBXResourcesBuildPhase section */
		C059EAD8264BB23E0064F632 /* Resources */ = {
			isa = PBXResourcesBuildPhase;
			buildActionMask = 2147483647;
			files = (
				C059EAEA264BB2410064F632 /* LaunchScreen.storyboard in Resources */,
				C059EAE7264BB2410064F632 /* Assets.xcassets in Resources */,
				C059EAE5264BB23E0064F632 /* Main.storyboard in Resources */,
			);
			runOnlyForDeploymentPostprocessing = 0;
		};
/* End PBXResourcesBuildPhase section */

/* Begin PBXSourcesBuildPhase section */
		C059EAD6264BB23E0064F632 /* Sources */ = {
			isa = PBXSourcesBuildPhase;
			buildActionMask = 2147483647;
			files = (
				C059EAE2264BB23E0064F632 /* ViewController.swift in Sources */,
				C059EADE264BB23E0064F632 /* AppDelegate.swift in Sources */,
				C059EAF3264BB2850064F632 /* ShapeFactory.swift in Sources */,
				C059EAE0264BB23E0064F632 /* SceneDelegate.swift in Sources */,
			);
			runOnlyForDeploymentPostprocessing = 0;
		};
/* End PBXSourcesBuildPhase section */

/* Begin PBXVariantGroup section */
		C059EAE3264BB23E0064F632 /* Main.storyboard */ = {
			isa = PBXVariantGroup;
			children = (
				C059EAE4264BB23E0064F632 /* Base */,
			);
			name = Main.storyboard;
			sourceTree = "<group>";
		};
		C059EAE8264BB2410064F632 /* LaunchScreen.storyboard */ = {
			isa = PBXVariantGroup;
			children = (
				C059EAE9264BB2410064F632 /* Base */,
			);
			name = LaunchScreen.storyboard;
			sourceTree = "<group>";
		};
/* End PBXVariantGroup section */

/* Begin XCBuildConfiguration section */
		C059EAEC264BB2410064F632 /* Debug */ = {
			isa = XCBuildConfiguration;
			buildSettings = {
				ALWAYS_SEARCH_USER_PATHS = NO;
				CLANG_ANALYZER_NONNULL = YES;
				CLANG_ANALYZER_NUMBER_OBJECT_CONVERSION = YES_AGGRESSIVE;
				CLANG_CXX_LANGUAGE_STANDARD = "gnu++14";
				CLANG_CXX_LIBRARY = "libc++";
				CLANG_ENABLE_MODULES = YES;
				CLANG_ENABLE_OBJC_ARC = YES;
				CLANG_ENABLE_OBJC_WEAK = YES;
				CLANG_WARN_BLOCK_CAPTURE_AUTORELEASING = YES;
				CLANG_WARN_BOOL_CONVERSION = YES;
				CLANG_WARN_COMMA = YES;
				CLANG_WARN_CONSTANT_CONVERSION = YES;
				CLANG_WARN_DEPRECATED_OBJC_IMPLEMENTATIONS = YES;
				CLANG_WARN_DIRECT_OBJC_ISA_USAGE = YES_ERROR;
				CLANG_WARN_DOCUMENTATION_COMMENTS = YES;
				CLANG_WARN_EMPTY_BODY = YES;
				CLANG_WARN_ENUM_CONVERSION = YES;
				CLANG_WARN_INFINITE_RECURSION = YES;
				CLANG_WARN_INT_CONVERSION = YES;
				CLANG_WARN_NON_LITERAL_NULL_CONVERSION = YES;
				CLANG_WARN_OBJC_IMPLICIT_RETAIN_SELF = YES;
				CLANG_WARN_OBJC_LITERAL_CONVERSION = YES;
				CLANG_WARN_OBJC_ROOT_CLASS = YES_ERROR;
				CLANG_WARN_QUOTED_INCLUDE_IN_FRAMEWORK_HEADER = YES;
				CLANG_WARN_RANGE_LOOP_ANALYSIS = YES;
				CLANG_WARN_STRICT_PROTOTYPES = YES;
				CLANG_WARN_SUSPICIOUS_MOVE = YES;
				CLANG_WARN_UNGUARDED_AVAILABILITY = YES_AGGRESSIVE;
				CLANG_WARN_UNREACHABLE_CODE = YES;
				CLANG_WARN__DUPLICATE_METHOD_MATCH = YES;
				COPY_PHASE_STRIP = NO;
				DEBUG_INFORMATION_FORMAT = dwarf;
				ENABLE_STRICT_OBJC_MSGSEND = YES;
				ENABLE_TESTABILITY = YES;
				GCC_C_LANGUAGE_STANDARD = gnu11;
				GCC_DYNAMIC_NO_PIC = NO;
				GCC_NO_COMMON_BLOCKS = YES;
				GCC_OPTIMIZATION_LEVEL = 0;
				GCC_PREPROCESSOR_DEFINITIONS = (
					"DEBUG=1",
					"$(inherited)",
				);
				GCC_WARN_64_TO_32_BIT_CONVERSION = YES;
				GCC_WARN_ABOUT_RETURN_TYPE = YES_ERROR;
				GCC_WARN_UNDECLARED_SELECTOR = YES;
				GCC_WARN_UNINITIALIZED_AUTOS = YES_AGGRESSIVE;
				GCC_WARN_UNUSED_FUNCTION = YES;
				GCC_WARN_UNUSED_VARIABLE = YES;
				IPHONEOS_DEPLOYMENT_TARGET = 14.5;
				MTL_ENABLE_DEBUG_INFO = INCLUDE_SOURCE;
				MTL_FAST_MATH = YES;
				ONLY_ACTIVE_ARCH = YES;
				SDKROOT = iphoneos;
				SWIFT_ACTIVE_COMPILATION_CONDITIONS = DEBUG;
				SWIFT_OPTIMIZATION_LEVEL = "-Onone";
			};
			name = Debug;
		};
		C059EAED264BB2410064F632 /* Release */ = {
			isa = XCBuildConfiguration;
			buildSettings = {
				ALWAYS_SEARCH_USER_PATHS = NO;
				CLANG_ANALYZER_NONNULL = YES;
				CLANG_ANALYZER_NUMBER_OBJECT_CONVERSION = YES_AGGRESSIVE;
				CLANG_CXX_LANGUAGE_STANDARD = "gnu++14";
				CLANG_CXX_LIBRARY = "libc++";
				CLANG_ENABLE_MODULES = YES;
				CLANG_ENABLE_OBJC_ARC = YES;
				CLANG_ENABLE_OBJC_WEAK = YES;
				CLANG_WARN_BLOCK_CAPTURE_AUTORELEASING = YES;
				CLANG_WARN_BOOL_CONVERSION = YES;
				CLANG_WARN_COMMA = YES;
				CLANG_WARN_CONSTANT_CONVERSION = YES;
				CLANG_WARN_DEPRECATED_OBJC_IMPLEMENTATIONS = YES;
				CLANG_WARN_DIRECT_OBJC_ISA_USAGE = YES_ERROR;
				CLANG_WARN_DOCUMENTATION_COMMENTS = YES;
				CLANG_WARN_EMPTY_BODY = YES;
				CLANG_WARN_ENUM_CONVERSION = YES;
				CLANG_WARN_INFINITE_RECURSION = YES;
				CLANG_WARN_INT_CONVERSION = YES;
				CLANG_WARN_NON_LITERAL_NULL_CONVERSION = YES;
				CLANG_WARN_OBJC_IMPLICIT_RETAIN_SELF = YES;
				CLANG_WARN_OBJC_LITERAL_CONVERSION = YES;
				CLANG_WARN_OBJC_ROOT_CLASS = YES_ERROR;
				CLANG_WARN_QUOTED_INCLUDE_IN_FRAMEWORK_HEADER = YES;
				CLANG_WARN_RANGE_LOOP_ANALYSIS = YES;
				CLANG_WARN_STRICT_PROTOTYPES = YES;
				CLANG_WARN_SUSPICIOUS_MOVE = YES;
				CLANG_WARN_UNGUARDED_AVAILABILITY = YES_AGGRESSIVE;
				CLANG_WARN_UNREACHABLE_CODE = YES;
				CLANG_WARN__DUPLICATE_METHOD_MATCH = YES;
				COPY_PHASE_STRIP = NO;
				DEBUG_INFORMATION_FORMAT = "dwarf-with-dsym";
				ENABLE_NS_ASSERTIONS = NO;
				ENABLE_STRICT_OBJC_MSGSEND = YES;
				GCC_C_LANGUAGE_STANDARD = gnu11;
				GCC_NO_COMMON_BLOCKS = YES;
				GCC_WARN_64_TO_32_BIT_CONVERSION = YES;
				GCC_WARN_ABOUT_RETURN_TYPE = YES_ERROR;
				GCC_WARN_UNDECLARED_SELECTOR = YES;
				GCC_WARN_UNINITIALIZED_AUTOS = YES_AGGRESSIVE;
				GCC_WARN_UNUSED_FUNCTION = YES;
				GCC_WARN_UNUSED_VARIABLE = YES;
				IPHONEOS_DEPLOYMENT_TARGET = 14.5;
				MTL_ENABLE_DEBUG_INFO = NO;
				MTL_FAST_MATH = YES;
				SDKROOT = iphoneos;
				SWIFT_COMPILATION_MODE = wholemodule;
				SWIFT_OPTIMIZATION_LEVEL = "-O";
				VALIDATE_PRODUCT = YES;
			};
			name = Release;
		};
		C059EAEF264BB2410064F632 /* Debug */ = {
			isa = XCBuildConfiguration;
			buildSettings = {
				ASSETCATALOG_COMPILER_APPICON_NAME = AppIcon;
				ASSETCATALOG_COMPILER_GLOBAL_ACCENT_COLOR_NAME = AccentColor;
				CODE_SIGN_STYLE = Automatic;
				DEVELOPMENT_TEAM = 95P79X4SC4;
				INFOPLIST_FILE = FactoryDesignPattern/Info.plist;
				LD_RUNPATH_SEARCH_PATHS = (
					"$(inherited)",
					"@executable_path/Frameworks",
				);
				PRODUCT_BUNDLE_IDENTIFIER = lv.demo.FactoryDesignPattern;
				PRODUCT_NAME = "$(TARGET_NAME)";
				SWIFT_VERSION = 5.0;
				TARGETED_DEVICE_FAMILY = "1,2";
			};
			name = Debug;
		};
		C059EAF0264BB2410064F632 /* Release */ = {
			isa = XCBuildConfiguration;
			buildSettings = {
				ASSETCATALOG_COMPILER_APPICON_NAME = AppIcon;
				ASSETCATALOG_COMPILER_GLOBAL_ACCENT_COLOR_NAME = AccentColor;
				CODE_SIGN_STYLE = Automatic;
				DEVELOPMENT_TEAM = 95P79X4SC4;
				INFOPLIST_FILE = FactoryDesignPattern/Info.plist;
				LD_RUNPATH_SEARCH_PATHS = (
					"$(inherited)",
					"@executable_path/Frameworks",
				);
				PRODUCT_BUNDLE_IDENTIFIER = lv.demo.FactoryDesignPattern;
				PRODUCT_NAME = "$(TARGET_NAME)";
				SWIFT_VERSION = 5.0;
				TARGETED_DEVICE_FAMILY = "1,2";
			};
			name = Release;
		};
/* End XCBuildConfiguration section */

/* Begin XCConfigurationList section */
		C059EAD5264BB23E0064F632 /* Build configuration list for PBXProject "FactoryDesignPattern" */ = {
			isa = XCConfigurationList;
			buildConfigurations = (
				C059EAEC264BB2410064F632 /* Debug */,
				C059EAED264BB2410064F632 /* Release */,
			);
			defaultConfigurationIsVisible = 0;
			defaultConfigurationName = Release;
		};
		C059EAEE264BB2410064F632 /* Build configuration list for PBXNativeTarget "FactoryDesignPattern" */ = {
			isa = XCConfigurationList;
			buildConfigurations = (
				C059EAEF264BB2410064F632 /* Debug */,
				C059EAF0264BB2410064F632 /* Release */,
			);
			defaultConfigurationIsVisible = 0;
			defaultConfigurationName = Release;
		};
/* End XCConfigurationList section */
	};
	rootObject = C059EAD2264BB23E0064F632 /* Project object */;
}
